// !$*UTF8*$!
{
	archiveVersion = 1;
	classes = {
	};
	objectVersion = 55;
	objects = {

/* Begin PBXBuildFile section */
		512F5641DC443D7676FA9FF4 /* Pods_DeleteUserDataFirebase.framework in Frameworks */ = {isa = PBXBuildFile; fileRef = F48A26AFC0D6AD7134A2C8F1 /* Pods_DeleteUserDataFirebase.framework */; };
		9A7204FC288833F600028BAE /* AppDelegate.swift in Sources */ = {isa = PBXBuildFile; fileRef = 9A7204FB288833F600028BAE /* AppDelegate.swift */; };
		9A720505288833F800028BAE /* Assets.xcassets in Resources */ = {isa = PBXBuildFile; fileRef = 9A720504288833F800028BAE /* Assets.xcassets */; };
		9A720508288833F800028BAE /* LaunchScreen.storyboard in Resources */ = {isa = PBXBuildFile; fileRef = 9A720506288833F800028BAE /* LaunchScreen.storyboard */; };
		9A7205152888363600028BAE /* LogInViewController.swift in Sources */ = {isa = PBXBuildFile; fileRef = 9A7205132888363600028BAE /* LogInViewController.swift */; };
		9A7205162888363600028BAE /* LogInViewController.xib in Resources */ = {isa = PBXBuildFile; fileRef = 9A7205142888363600028BAE /* LogInViewController.xib */; };
		9A7205182888364E00028BAE /* LogInInteractor.swift in Sources */ = {isa = PBXBuildFile; fileRef = 9A7205172888364E00028BAE /* LogInInteractor.swift */; };
		9A72051A2888365900028BAE /* LogInPresenter.swift in Sources */ = {isa = PBXBuildFile; fileRef = 9A7205192888365900028BAE /* LogInPresenter.swift */; };
		9A72051C2888366300028BAE /* LogInRouter.swift in Sources */ = {isa = PBXBuildFile; fileRef = 9A72051B2888366300028BAE /* LogInRouter.swift */; };
		9A72051E2888376A00028BAE /* FirebaseService.swift in Sources */ = {isa = PBXBuildFile; fileRef = 9A72051D2888376A00028BAE /* FirebaseService.swift */; };
		9A720520288837CE00028BAE /* FirebaseEntity.swift in Sources */ = {isa = PBXBuildFile; fileRef = 9A72051F288837CE00028BAE /* FirebaseEntity.swift */; };
		9A72052328883A6400028BAE /* HomeViewController.swift in Sources */ = {isa = PBXBuildFile; fileRef = 9A72052128883A6400028BAE /* HomeViewController.swift */; };
		9A72052428883A6400028BAE /* HomeViewController.xib in Resources */ = {isa = PBXBuildFile; fileRef = 9A72052228883A6400028BAE /* HomeViewController.xib */; };
		9A7205282888478600028BAE /* HomeRouter.swift in Sources */ = {isa = PBXBuildFile; fileRef = 9A7205272888478600028BAE /* HomeRouter.swift */; };
		9A934A86289160250046E59C /* AddViewController.swift in Sources */ = {isa = PBXBuildFile; fileRef = 9A934A84289160250046E59C /* AddViewController.swift */; };
		9A934A87289160250046E59C /* AddViewController.xib in Resources */ = {isa = PBXBuildFile; fileRef = 9A934A85289160250046E59C /* AddViewController.xib */; };
		9A934A8928916A4E0046E59C /* AddInteractor.swift in Sources */ = {isa = PBXBuildFile; fileRef = 9A934A8828916A4E0046E59C /* AddInteractor.swift */; };
		9A934A8B28916A5E0046E59C /* AddPresenter.swift in Sources */ = {isa = PBXBuildFile; fileRef = 9A934A8A28916A5E0046E59C /* AddPresenter.swift */; };
		9A934A8D289174850046E59C /* AddEntity.swift in Sources */ = {isa = PBXBuildFile; fileRef = 9A934A8C289174850046E59C /* AddEntity.swift */; };
		9A934A912892BE350046E59C /* DeleteAccountViewControllerImpl.swift in Sources */ = {isa = PBXBuildFile; fileRef = 9A934A8F2892BE350046E59C /* DeleteAccountViewControllerImpl.swift */; };
		9A934A922892BE350046E59C /* DeleteAccountViewController.xib in Resources */ = {isa = PBXBuildFile; fileRef = 9A934A902892BE350046E59C /* DeleteAccountViewController.xib */; };
		9A9EDAEA288AD6DE00C4F577 /* GoogleService-Info.plist in Resources */ = {isa = PBXBuildFile; fileRef = 9A9EDAE9288AD6DE00C4F577 /* GoogleService-Info.plist */; };
		9AC9BF85288925E7001DCED4 /* LogInEntity.swift in Sources */ = {isa = PBXBuildFile; fileRef = 9AC9BF84288925E7001DCED4 /* LogInEntity.swift */; };
		9AC9BF8C28892F5B001DCED4 /* HomePresenter.swift in Sources */ = {isa = PBXBuildFile; fileRef = 9AC9BF8B28892F5B001DCED4 /* HomePresenter.swift */; };
		9AC9BF902889391A001DCED4 /* HomeEntity.swift in Sources */ = {isa = PBXBuildFile; fileRef = 9AC9BF8F2889391A001DCED4 /* HomeEntity.swift */; };
		9AC9BF9228894212001DCED4 /* HomeInteractor.swift in Sources */ = {isa = PBXBuildFile; fileRef = 9AC9BF9128894212001DCED4 /* HomeInteractor.swift */; };
		9AEB4A482899065100A212A1 /* FirebaseDeleteService.swift in Sources */ = {isa = PBXBuildFile; fileRef = 9AEB4A472899065100A212A1 /* FirebaseDeleteService.swift */; };
		9AEB9F8C288E940D00150303 /* TableViewCell.swift in Sources */ = {isa = PBXBuildFile; fileRef = 9AEB9F8A288E940D00150303 /* TableViewCell.swift */; };
		9AEB9F8D288E940D00150303 /* TableViewCell.xib in Resources */ = {isa = PBXBuildFile; fileRef = 9AEB9F8B288E940D00150303 /* TableViewCell.xib */; };
/* End PBXBuildFile section */

/* Begin PBXFileReference section */
		69ED454672723CBC974EF04D /* Pods-DeleteUserDataFirebase.debug.xcconfig */ = {isa = PBXFileReference; includeInIndex = 1; lastKnownFileType = text.xcconfig; name = "Pods-DeleteUserDataFirebase.debug.xcconfig"; path = "Target Support Files/Pods-DeleteUserDataFirebase/Pods-DeleteUserDataFirebase.debug.xcconfig"; sourceTree = "<group>"; };
		88ABB49A1D736BD580CAF3EC /* Pods-DeleteUserDataFirebase.release.xcconfig */ = {isa = PBXFileReference; includeInIndex = 1; lastKnownFileType = text.xcconfig; name = "Pods-DeleteUserDataFirebase.release.xcconfig"; path = "Target Support Files/Pods-DeleteUserDataFirebase/Pods-DeleteUserDataFirebase.release.xcconfig"; sourceTree = "<group>"; };
		9A7204F8288833F600028BAE /* DeleteUserDataFirebase.app */ = {isa = PBXFileReference; explicitFileType = wrapper.application; includeInIndex = 0; path = DeleteUserDataFirebase.app; sourceTree = BUILT_PRODUCTS_DIR; };
		9A7204FB288833F600028BAE /* AppDelegate.swift */ = {isa = PBXFileReference; lastKnownFileType = sourcecode.swift; path = AppDelegate.swift; sourceTree = "<group>"; };
		9A720504288833F800028BAE /* Assets.xcassets */ = {isa = PBXFileReference; lastKnownFileType = folder.assetcatalog; path = Assets.xcassets; sourceTree = "<group>"; };
		9A720507288833F800028BAE /* Base */ = {isa = PBXFileReference; lastKnownFileType = file.storyboard; name = Base; path = Base.lproj/LaunchScreen.storyboard; sourceTree = "<group>"; };
		9A720509288833F800028BAE /* Info.plist */ = {isa = PBXFileReference; lastKnownFileType = text.plist.xml; path = Info.plist; sourceTree = "<group>"; };
		9A7205132888363600028BAE /* LogInViewController.swift */ = {isa = PBXFileReference; lastKnownFileType = sourcecode.swift; path = LogInViewController.swift; sourceTree = "<group>"; };
		9A7205142888363600028BAE /* LogInViewController.xib */ = {isa = PBXFileReference; lastKnownFileType = file.xib; path = LogInViewController.xib; sourceTree = "<group>"; };
		9A7205172888364E00028BAE /* LogInInteractor.swift */ = {isa = PBXFileReference; lastKnownFileType = sourcecode.swift; path = LogInInteractor.swift; sourceTree = "<group>"; };
		9A7205192888365900028BAE /* LogInPresenter.swift */ = {isa = PBXFileReference; lastKnownFileType = sourcecode.swift; path = LogInPresenter.swift; sourceTree = "<group>"; };
		9A72051B2888366300028BAE /* LogInRouter.swift */ = {isa = PBXFileReference; lastKnownFileType = sourcecode.swift; path = LogInRouter.swift; sourceTree = "<group>"; };
		9A72051D2888376A00028BAE /* FirebaseService.swift */ = {isa = PBXFileReference; lastKnownFileType = sourcecode.swift; path = FirebaseService.swift; sourceTree = "<group>"; };
		9A72051F288837CE00028BAE /* FirebaseEntity.swift */ = {isa = PBXFileReference; lastKnownFileType = sourcecode.swift; path = FirebaseEntity.swift; sourceTree = "<group>"; };
		9A72052128883A6400028BAE /* HomeViewController.swift */ = {isa = PBXFileReference; lastKnownFileType = sourcecode.swift; path = HomeViewController.swift; sourceTree = "<group>"; };
		9A72052228883A6400028BAE /* HomeViewController.xib */ = {isa = PBXFileReference; lastKnownFileType = file.xib; path = HomeViewController.xib; sourceTree = "<group>"; };
		9A7205272888478600028BAE /* HomeRouter.swift */ = {isa = PBXFileReference; lastKnownFileType = sourcecode.swift; path = HomeRouter.swift; sourceTree = "<group>"; };
		9A934A84289160250046E59C /* AddViewController.swift */ = {isa = PBXFileReference; lastKnownFileType = sourcecode.swift; path = AddViewController.swift; sourceTree = "<group>"; };
		9A934A85289160250046E59C /* AddViewController.xib */ = {isa = PBXFileReference; lastKnownFileType = file.xib; path = AddViewController.xib; sourceTree = "<group>"; };
		9A934A8828916A4E0046E59C /* AddInteractor.swift */ = {isa = PBXFileReference; lastKnownFileType = sourcecode.swift; path = AddInteractor.swift; sourceTree = "<group>"; };
		9A934A8A28916A5E0046E59C /* AddPresenter.swift */ = {isa = PBXFileReference; lastKnownFileType = sourcecode.swift; path = AddPresenter.swift; sourceTree = "<group>"; };
		9A934A8C289174850046E59C /* AddEntity.swift */ = {isa = PBXFileReference; lastKnownFileType = sourcecode.swift; path = AddEntity.swift; sourceTree = "<group>"; };
		9A934A8F2892BE350046E59C /* DeleteAccountViewControllerImpl.swift */ = {isa = PBXFileReference; lastKnownFileType = sourcecode.swift; path = DeleteAccountViewControllerImpl.swift; sourceTree = "<group>"; };
		9A934A902892BE350046E59C /* DeleteAccountViewController.xib */ = {isa = PBXFileReference; lastKnownFileType = file.xib; path = DeleteAccountViewController.xib; sourceTree = "<group>"; };
		9A9EDAE9288AD6DE00C4F577 /* GoogleService-Info.plist */ = {isa = PBXFileReference; fileEncoding = 4; lastKnownFileType = text.plist.xml; path = "GoogleService-Info.plist"; sourceTree = "<group>"; };
		9AC9BF84288925E7001DCED4 /* LogInEntity.swift */ = {isa = PBXFileReference; lastKnownFileType = sourcecode.swift; path = LogInEntity.swift; sourceTree = "<group>"; };
		9AC9BF8B28892F5B001DCED4 /* HomePresenter.swift */ = {isa = PBXFileReference; lastKnownFileType = sourcecode.swift; path = HomePresenter.swift; sourceTree = "<group>"; };
		9AC9BF8F2889391A001DCED4 /* HomeEntity.swift */ = {isa = PBXFileReference; lastKnownFileType = sourcecode.swift; path = HomeEntity.swift; sourceTree = "<group>"; };
		9AC9BF9128894212001DCED4 /* HomeInteractor.swift */ = {isa = PBXFileReference; lastKnownFileType = sourcecode.swift; path = HomeInteractor.swift; sourceTree = "<group>"; };
		9AEB4A472899065100A212A1 /* FirebaseDeleteService.swift */ = {isa = PBXFileReference; lastKnownFileType = sourcecode.swift; path = FirebaseDeleteService.swift; sourceTree = "<group>"; };
		9AEB9F8A288E940D00150303 /* TableViewCell.swift */ = {isa = PBXFileReference; lastKnownFileType = sourcecode.swift; path = TableViewCell.swift; sourceTree = "<group>"; };
		9AEB9F8B288E940D00150303 /* TableViewCell.xib */ = {isa = PBXFileReference; lastKnownFileType = file.xib; path = TableViewCell.xib; sourceTree = "<group>"; };
		F48A26AFC0D6AD7134A2C8F1 /* Pods_DeleteUserDataFirebase.framework */ = {isa = PBXFileReference; explicitFileType = wrapper.framework; includeInIndex = 0; path = Pods_DeleteUserDataFirebase.framework; sourceTree = BUILT_PRODUCTS_DIR; };
/* End PBXFileReference section */

/* Begin PBXFrameworksBuildPhase section */
		9A7204F5288833F600028BAE /* Frameworks */ = {
			isa = PBXFrameworksBuildPhase;
			buildActionMask = 2147483647;
			files = (
				512F5641DC443D7676FA9FF4 /* Pods_DeleteUserDataFirebase.framework in Frameworks */,
			);
			runOnlyForDeploymentPostprocessing = 0;
		};
/* End PBXFrameworksBuildPhase section */

/* Begin PBXGroup section */
		8D965F3BBD495EC12CC39663 /* Frameworks */ = {
			isa = PBXGroup;
			children = (
				F48A26AFC0D6AD7134A2C8F1 /* Pods_DeleteUserDataFirebase.framework */,
			);
			name = Frameworks;
			sourceTree = "<group>";
		};
		9A7204EF288833F600028BAE = {
			isa = PBXGroup;
			children = (
				9A7204FA288833F600028BAE /* DeleteUserDataFirebase */,
				9A7204F9288833F600028BAE /* Products */,
				D20A6FF8093B545E1A5EADB5 /* Pods */,
				8D965F3BBD495EC12CC39663 /* Frameworks */,
			);
			sourceTree = "<group>";
		};
		9A7204F9288833F600028BAE /* Products */ = {
			isa = PBXGroup;
			children = (
				9A7204F8288833F600028BAE /* DeleteUserDataFirebase.app */,
			);
			name = Products;
			sourceTree = "<group>";
		};
		9A7204FA288833F600028BAE /* DeleteUserDataFirebase */ = {
			isa = PBXGroup;
			children = (
				9A720512288834B400028BAE /* Common */,
				9A72050F2888349C00028BAE /* Screens */,
				9A7204FB288833F600028BAE /* AppDelegate.swift */,
				9A720504288833F800028BAE /* Assets.xcassets */,
				9A720506288833F800028BAE /* LaunchScreen.storyboard */,
				9A720509288833F800028BAE /* Info.plist */,
				9A9EDAE9288AD6DE00C4F577 /* GoogleService-Info.plist */,
			);
			path = DeleteUserDataFirebase;
			sourceTree = "<group>";
		};
		9A72050F2888349C00028BAE /* Screens */ = {
			isa = PBXGroup;
			children = (
				9A934A8328915FF20046E59C /* Add */,
				9A720511288834AD00028BAE /* LogIn */,
				9A720510288834A700028BAE /* Home */,
			);
			path = Screens;
			sourceTree = "<group>";
		};
		9A720510288834A700028BAE /* Home */ = {
			isa = PBXGroup;
			children = (
				9A934A8E2892BE1E0046E59C /* DeleteAccount */,
				9AC9BF8F2889391A001DCED4 /* HomeEntity.swift */,
				9AC9BF9128894212001DCED4 /* HomeInteractor.swift */,
				9AC9BF8B28892F5B001DCED4 /* HomePresenter.swift */,
				9A7205272888478600028BAE /* HomeRouter.swift */,
				9A72052128883A6400028BAE /* HomeViewController.swift */,
				9A72052228883A6400028BAE /* HomeViewController.xib */,
				9AEB9F8E288E941300150303 /* TableViewCell */,
			);
			path = Home;
			sourceTree = "<group>";
		};
		9A720511288834AD00028BAE /* LogIn */ = {
			isa = PBXGroup;
			children = (
				9AC9BF84288925E7001DCED4 /* LogInEntity.swift */,
				9A7205172888364E00028BAE /* LogInInteractor.swift */,
				9A7205192888365900028BAE /* LogInPresenter.swift */,
				9A72051B2888366300028BAE /* LogInRouter.swift */,
				9A7205132888363600028BAE /* LogInViewController.swift */,
				9A7205142888363600028BAE /* LogInViewController.xib */,
			);
			path = LogIn;
			sourceTree = "<group>";
		};
		9A720512288834B400028BAE /* Common */ = {
			isa = PBXGroup;
			children = (
				9A72051D2888376A00028BAE /* FirebaseService.swift */,
				9A72051F288837CE00028BAE /* FirebaseEntity.swift */,
				9AEB4A472899065100A212A1 /* FirebaseDeleteService.swift */,
			);
			path = Common;
			sourceTree = "<group>";
		};
		9A934A8328915FF20046E59C /* Add */ = {
			isa = PBXGroup;
			children = (
				9A934A84289160250046E59C /* AddViewController.swift */,
				9A934A85289160250046E59C /* AddViewController.xib */,
				9A934A8828916A4E0046E59C /* AddInteractor.swift */,
				9A934A8A28916A5E0046E59C /* AddPresenter.swift */,
				9A934A8C289174850046E59C /* AddEntity.swift */,
			);
			path = Add;
			sourceTree = "<group>";
		};
		9A934A8E2892BE1E0046E59C /* DeleteAccount */ = {
			isa = PBXGroup;
			children = (
				9A934A8F2892BE350046E59C /* DeleteAccountViewControllerImpl.swift */,
				9A934A902892BE350046E59C /* DeleteAccountViewController.xib */,
			);
			path = DeleteAccount;
			sourceTree = "<group>";
		};
		9AEB9F8E288E941300150303 /* TableViewCell */ = {
			isa = PBXGroup;
			children = (
				9AEB9F8A288E940D00150303 /* TableViewCell.swift */,
				9AEB9F8B288E940D00150303 /* TableViewCell.xib */,
			);
			path = TableViewCell;
			sourceTree = "<group>";
		};
		D20A6FF8093B545E1A5EADB5 /* Pods */ = {
			isa = PBXGroup;
			children = (
				69ED454672723CBC974EF04D /* Pods-DeleteUserDataFirebase.debug.xcconfig */,
				88ABB49A1D736BD580CAF3EC /* Pods-DeleteUserDataFirebase.release.xcconfig */,
			);
			path = Pods;
			sourceTree = "<group>";
		};
/* End PBXGroup section */

/* Begin PBXNativeTarget section */
		9A7204F7288833F600028BAE /* DeleteUserDataFirebase */ = {
			isa = PBXNativeTarget;
			buildConfigurationList = 9A72050C288833F800028BAE /* Build configuration list for PBXNativeTarget "DeleteUserDataFirebase" */;
			buildPhases = (
				6C508970793F608BCD9FC725 /* [CP] Check Pods Manifest.lock */,
				9A7204F4288833F600028BAE /* Sources */,
				9A7204F5288833F600028BAE /* Frameworks */,
				9A7204F6288833F600028BAE /* Resources */,
				CD874506D2895E5EB0F89798 /* [CP] Embed Pods Frameworks */,
			);
			buildRules = (
			);
			dependencies = (
			);
			name = DeleteUserDataFirebase;
			productName = DeleteUserDataFirebase;
			productReference = 9A7204F8288833F600028BAE /* DeleteUserDataFirebase.app */;
			productType = "com.apple.product-type.application";
		};
/* End PBXNativeTarget section */

/* Begin PBXProject section */
		9A7204F0288833F600028BAE /* Project object */ = {
			isa = PBXProject;
			attributes = {
				BuildIndependentTargetsInParallel = 1;
				LastSwiftUpdateCheck = 1340;
				LastUpgradeCheck = 1340;
				TargetAttributes = {
					9A7204F7288833F600028BAE = {
						CreatedOnToolsVersion = 13.4.1;
					};
				};
			};
			buildConfigurationList = 9A7204F3288833F600028BAE /* Build configuration list for PBXProject "DeleteUserDataFirebase" */;
			compatibilityVersion = "Xcode 13.0";
			developmentRegion = en;
			hasScannedForEncodings = 0;
			knownRegions = (
				en,
				Base,
			);
			mainGroup = 9A7204EF288833F600028BAE;
			productRefGroup = 9A7204F9288833F600028BAE /* Products */;
			projectDirPath = "";
			projectRoot = "";
			targets = (
				9A7204F7288833F600028BAE /* DeleteUserDataFirebase */,
			);
		};
/* End PBXProject section */

/* Begin PBXResourcesBuildPhase section */
		9A7204F6288833F600028BAE /* Resources */ = {
			isa = PBXResourcesBuildPhase;
			buildActionMask = 2147483647;
			files = (
				9A720508288833F800028BAE /* LaunchScreen.storyboard in Resources */,
				9AEB9F8D288E940D00150303 /* TableViewCell.xib in Resources */,
				9A720505288833F800028BAE /* Assets.xcassets in Resources */,
				9A7205162888363600028BAE /* LogInViewController.xib in Resources */,
				9A72052428883A6400028BAE /* HomeViewController.xib in Resources */,
				9A934A87289160250046E59C /* AddViewController.xib in Resources */,
				9A9EDAEA288AD6DE00C4F577 /* GoogleService-Info.plist in Resources */,
				9A934A922892BE350046E59C /* DeleteAccountViewController.xib in Resources */,
			);
			runOnlyForDeploymentPostprocessing = 0;
		};
/* End PBXResourcesBuildPhase section */

/* Begin PBXShellScriptBuildPhase section */
		6C508970793F608BCD9FC725 /* [CP] Check Pods Manifest.lock */ = {
			isa = PBXShellScriptBuildPhase;
			buildActionMask = 2147483647;
			files = (
			);
			inputFileListPaths = (
			);
			inputPaths = (
				"${PODS_PODFILE_DIR_PATH}/Podfile.lock",
				"${PODS_ROOT}/Manifest.lock",
			);
			name = "[CP] Check Pods Manifest.lock";
			outputFileListPaths = (
			);
			outputPaths = (
				"$(DERIVED_FILE_DIR)/Pods-DeleteUserDataFirebase-checkManifestLockResult.txt",
			);
			runOnlyForDeploymentPostprocessing = 0;
			shellPath = /bin/sh;
			shellScript = "diff \"${PODS_PODFILE_DIR_PATH}/Podfile.lock\" \"${PODS_ROOT}/Manifest.lock\" > /dev/null\nif [ $? != 0 ] ; then\n    # print error to STDERR\n    echo \"error: The sandbox is not in sync with the Podfile.lock. Run 'pod install' or update your CocoaPods installation.\" >&2\n    exit 1\nfi\n# This output is used by Xcode 'outputs' to avoid re-running this script phase.\necho \"SUCCESS\" > \"${SCRIPT_OUTPUT_FILE_0}\"\n";
			showEnvVarsInLog = 0;
		};
		CD874506D2895E5EB0F89798 /* [CP] Embed Pods Frameworks */ = {
			isa = PBXShellScriptBuildPhase;
			buildActionMask = 2147483647;
			files = (
			);
			inputFileListPaths = (
				"${PODS_ROOT}/Target Support Files/Pods-DeleteUserDataFirebase/Pods-DeleteUserDataFirebase-frameworks-${CONFIGURATION}-input-files.xcfilelist",
			);
			name = "[CP] Embed Pods Frameworks";
			outputFileListPaths = (
				"${PODS_ROOT}/Target Support Files/Pods-DeleteUserDataFirebase/Pods-DeleteUserDataFirebase-frameworks-${CONFIGURATION}-output-files.xcfilelist",
			);
			runOnlyForDeploymentPostprocessing = 0;
			shellPath = /bin/sh;
			shellScript = "\"${PODS_ROOT}/Target Support Files/Pods-DeleteUserDataFirebase/Pods-DeleteUserDataFirebase-frameworks.sh\"\n";
			showEnvVarsInLog = 0;
		};
/* End PBXShellScriptBuildPhase section */

/* Begin PBXSourcesBuildPhase section */
		9A7204F4288833F600028BAE /* Sources */ = {
			isa = PBXSourcesBuildPhase;
			buildActionMask = 2147483647;
			files = (
				9A934A8D289174850046E59C /* AddEntity.swift in Sources */,
				9AEB9F8C288E940D00150303 /* TableViewCell.swift in Sources */,
				9A72051A2888365900028BAE /* LogInPresenter.swift in Sources */,
				9A934A8928916A4E0046E59C /* AddInteractor.swift in Sources */,
				9A7205152888363600028BAE /* LogInViewController.swift in Sources */,
				9A7204FC288833F600028BAE /* AppDelegate.swift in Sources */,
				9AC9BF9228894212001DCED4 /* HomeInteractor.swift in Sources */,
				9A934A912892BE350046E59C /* DeleteAccountViewControllerImpl.swift in Sources */,
				9A934A86289160250046E59C /* AddViewController.swift in Sources */,
				9AC9BF8C28892F5B001DCED4 /* HomePresenter.swift in Sources */,
				9A934A8B28916A5E0046E59C /* AddPresenter.swift in Sources */,
				9A72052328883A6400028BAE /* HomeViewController.swift in Sources */,
				9A72051C2888366300028BAE /* LogInRouter.swift in Sources */,
				9A72051E2888376A00028BAE /* FirebaseService.swift in Sources */,
				9AC9BF85288925E7001DCED4 /* LogInEntity.swift in Sources */,
				9AC9BF902889391A001DCED4 /* HomeEntity.swift in Sources */,
				9A720520288837CE00028BAE /* FirebaseEntity.swift in Sources */,
				9A7205282888478600028BAE /* HomeRouter.swift in Sources */,
				9A7205182888364E00028BAE /* LogInInteractor.swift in Sources */,
				9AEB4A482899065100A212A1 /* FirebaseDeleteService.swift in Sources */,
			);
			runOnlyForDeploymentPostprocessing = 0;
		};
/* End PBXSourcesBuildPhase section */

/* Begin PBXVariantGroup section */
		9A720506288833F800028BAE /* LaunchScreen.storyboard */ = {
			isa = PBXVariantGroup;
			children = (
				9A720507288833F800028BAE /* Base */,
			);
			name = LaunchScreen.storyboard;
			sourceTree = "<group>";
		};
/* End PBXVariantGroup section */

/* Begin XCBuildConfiguration section */
		9A72050A288833F800028BAE /* Debug */ = {
			isa = XCBuildConfiguration;
			buildSettings = {
				ALWAYS_SEARCH_USER_PATHS = NO;
				CLANG_ANALYZER_NONNULL = YES;
				CLANG_ANALYZER_NUMBER_OBJECT_CONVERSION = YES_AGGRESSIVE;
				CLANG_CXX_LANGUAGE_STANDARD = "gnu++17";
				CLANG_ENABLE_MODULES = YES;
				CLANG_ENABLE_OBJC_ARC = YES;
				CLANG_ENABLE_OBJC_WEAK = YES;
				CLANG_WARN_BLOCK_CAPTURE_AUTORELEASING = YES;
				CLANG_WARN_BOOL_CONVERSION = YES;
				CLANG_WARN_COMMA = YES;
				CLANG_WARN_CONSTANT_CONVERSION = YES;
				CLANG_WARN_DEPRECATED_OBJC_IMPLEMENTATIONS = YES;
				CLANG_WARN_DIRECT_OBJC_ISA_USAGE = YES_ERROR;
				CLANG_WARN_DOCUMENTATION_COMMENTS = YES;
				CLANG_WARN_EMPTY_BODY = YES;
				CLANG_WARN_ENUM_CONVERSION = YES;
				CLANG_WARN_INFINITE_RECURSION = YES;
				CLANG_WARN_INT_CONVERSION = YES;
				CLANG_WARN_NON_LITERAL_NULL_CONVERSION = YES;
				CLANG_WARN_OBJC_IMPLICIT_RETAIN_SELF = YES;
				CLANG_WARN_OBJC_LITERAL_CONVERSION = YES;
				CLANG_WARN_OBJC_ROOT_CLASS = YES_ERROR;
				CLANG_WARN_QUOTED_INCLUDE_IN_FRAMEWORK_HEADER = YES;
				CLANG_WARN_RANGE_LOOP_ANALYSIS = YES;
				CLANG_WARN_STRICT_PROTOTYPES = YES;
				CLANG_WARN_SUSPICIOUS_MOVE = YES;
				CLANG_WARN_UNGUARDED_AVAILABILITY = YES_AGGRESSIVE;
				CLANG_WARN_UNREACHABLE_CODE = YES;
				CLANG_WARN__DUPLICATE_METHOD_MATCH = YES;
				COPY_PHASE_STRIP = NO;
				DEBUG_INFORMATION_FORMAT = dwarf;
				ENABLE_STRICT_OBJC_MSGSEND = YES;
				ENABLE_TESTABILITY = YES;
				GCC_C_LANGUAGE_STANDARD = gnu11;
				GCC_DYNAMIC_NO_PIC = NO;
				GCC_NO_COMMON_BLOCKS = YES;
				GCC_OPTIMIZATION_LEVEL = 0;
				GCC_PREPROCESSOR_DEFINITIONS = (
					"DEBUG=1",
					"$(inherited)",
				);
				GCC_WARN_64_TO_32_BIT_CONVERSION = YES;
				GCC_WARN_ABOUT_RETURN_TYPE = YES_ERROR;
				GCC_WARN_UNDECLARED_SELECTOR = YES;
				GCC_WARN_UNINITIALIZED_AUTOS = YES_AGGRESSIVE;
				GCC_WARN_UNUSED_FUNCTION = YES;
				GCC_WARN_UNUSED_VARIABLE = YES;
				IPHONEOS_DEPLOYMENT_TARGET = 15.5;
				MTL_ENABLE_DEBUG_INFO = INCLUDE_SOURCE;
				MTL_FAST_MATH = YES;
				ONLY_ACTIVE_ARCH = YES;
				SDKROOT = iphoneos;
				SWIFT_ACTIVE_COMPILATION_CONDITIONS = DEBUG;
				SWIFT_OPTIMIZATION_LEVEL = "-Onone";
			};
			name = Debug;
		};
		9A72050B288833F800028BAE /* Release */ = {
			isa = XCBuildConfiguration;
			buildSettings = {
				ALWAYS_SEARCH_USER_PATHS = NO;
				CLANG_ANALYZER_NONNULL = YES;
				CLANG_ANALYZER_NUMBER_OBJECT_CONVERSION = YES_AGGRESSIVE;
				CLANG_CXX_LANGUAGE_STANDARD = "gnu++17";
				CLANG_ENABLE_MODULES = YES;
				CLANG_ENABLE_OBJC_ARC = YES;
				CLANG_ENABLE_OBJC_WEAK = YES;
				CLANG_WARN_BLOCK_CAPTURE_AUTORELEASING = YES;
				CLANG_WARN_BOOL_CONVERSION = YES;
				CLANG_WARN_COMMA = YES;
				CLANG_WARN_CONSTANT_CONVERSION = YES;
				CLANG_WARN_DEPRECATED_OBJC_IMPLEMENTATIONS = YES;
				CLANG_WARN_DIRECT_OBJC_ISA_USAGE = YES_ERROR;
				CLANG_WARN_DOCUMENTATION_COMMENTS = YES;
				CLANG_WARN_EMPTY_BODY = YES;
				CLANG_WARN_ENUM_CONVERSION = YES;
				CLANG_WARN_INFINITE_RECURSION = YES;
				CLANG_WARN_INT_CONVERSION = YES;
				CLANG_WARN_NON_LITERAL_NULL_CONVERSION = YES;
				CLANG_WARN_OBJC_IMPLICIT_RETAIN_SELF = YES;
				CLANG_WARN_OBJC_LITERAL_CONVERSION = YES;
				CLANG_WARN_OBJC_ROOT_CLASS = YES_ERROR;
				CLANG_WARN_QUOTED_INCLUDE_IN_FRAMEWORK_HEADER = YES;
				CLANG_WARN_RANGE_LOOP_ANALYSIS = YES;
				CLANG_WARN_STRICT_PROTOTYPES = YES;
				CLANG_WARN_SUSPICIOUS_MOVE = YES;
				CLANG_WARN_UNGUARDED_AVAILABILITY = YES_AGGRESSIVE;
				CLANG_WARN_UNREACHABLE_CODE = YES;
				CLANG_WARN__DUPLICATE_METHOD_MATCH = YES;
				COPY_PHASE_STRIP = NO;
				DEBUG_INFORMATION_FORMAT = "dwarf-with-dsym";
				ENABLE_NS_ASSERTIONS = NO;
				ENABLE_STRICT_OBJC_MSGSEND = YES;
				GCC_C_LANGUAGE_STANDARD = gnu11;
				GCC_NO_COMMON_BLOCKS = YES;
				GCC_WARN_64_TO_32_BIT_CONVERSION = YES;
				GCC_WARN_ABOUT_RETURN_TYPE = YES_ERROR;
				GCC_WARN_UNDECLARED_SELECTOR = YES;
				GCC_WARN_UNINITIALIZED_AUTOS = YES_AGGRESSIVE;
				GCC_WARN_UNUSED_FUNCTION = YES;
				GCC_WARN_UNUSED_VARIABLE = YES;
				IPHONEOS_DEPLOYMENT_TARGET = 15.5;
				MTL_ENABLE_DEBUG_INFO = NO;
				MTL_FAST_MATH = YES;
				SDKROOT = iphoneos;
				SWIFT_COMPILATION_MODE = wholemodule;
				SWIFT_OPTIMIZATION_LEVEL = "-O";
				VALIDATE_PRODUCT = YES;
			};
			name = Release;
		};
		9A72050D288833F800028BAE /* Debug */ = {
			isa = XCBuildConfiguration;
			baseConfigurationReference = 69ED454672723CBC974EF04D /* Pods-DeleteUserDataFirebase.debug.xcconfig */;
			buildSettings = {
				ASSETCATALOG_COMPILER_APPICON_NAME = AppIcon;
				ASSETCATALOG_COMPILER_GLOBAL_ACCENT_COLOR_NAME = AccentColor;
				CODE_SIGN_STYLE = Automatic;
				CURRENT_PROJECT_VERSION = 1;
				DEVELOPMENT_TEAM = 3ZKSVW2GY8;
				GENERATE_INFOPLIST_FILE = YES;
				INFOPLIST_FILE = DeleteUserDataFirebase/Info.plist;
				INFOPLIST_KEY_UIApplicationSupportsIndirectInputEvents = YES;
				INFOPLIST_KEY_UILaunchStoryboardName = LaunchScreen;
				INFOPLIST_KEY_UISupportedInterfaceOrientations_iPad = "UIInterfaceOrientationPortrait UIInterfaceOrientationPortraitUpsideDown UIInterfaceOrientationLandscapeLeft UIInterfaceOrientationLandscapeRight";
				INFOPLIST_KEY_UISupportedInterfaceOrientations_iPhone = "UIInterfaceOrientationPortrait UIInterfaceOrientationLandscapeLeft UIInterfaceOrientationLandscapeRight";
				LD_RUNPATH_SEARCH_PATHS = (
					"$(inherited)",
					"@executable_path/Frameworks",
				);
				MARKETING_VERSION = 1.0;
				PRODUCT_BUNDLE_IDENTIFIER = ademtarhan.DeleteUserDataFirebase;
				PRODUCT_NAME = "$(TARGET_NAME)";
				SWIFT_EMIT_LOC_STRINGS = YES;
				SWIFT_VERSION = 5.0;
				TARGETED_DEVICE_FAMILY = "1,2";
			};
			name = Debug;
		};
		9A72050E288833F800028BAE /* Release */ = {
			isa = XCBuildConfiguration;
			baseConfigurationReference = 88ABB49A1D736BD580CAF3EC /* Pods-DeleteUserDataFirebase.release.xcconfig */;
			buildSettings = {
				ASSETCATALOG_COMPILER_APPICON_NAME = AppIcon;
				ASSETCATALOG_COMPILER_GLOBAL_ACCENT_COLOR_NAME = AccentColor;
				CODE_SIGN_STYLE = Automatic;
				CURRENT_PROJECT_VERSION = 1;
				DEVELOPMENT_TEAM = 3ZKSVW2GY8;
				GENERATE_INFOPLIST_FILE = YES;
				INFOPLIST_FILE = DeleteUserDataFirebase/Info.plist;
				INFOPLIST_KEY_UIApplicationSupportsIndirectInputEvents = YES;
				INFOPLIST_KEY_UILaunchStoryboardName = LaunchScreen;
				INFOPLIST_KEY_UISupportedInterfaceOrientations_iPad = "UIInterfaceOrientationPortrait UIInterfaceOrientationPortraitUpsideDown UIInterfaceOrientationLandscapeLeft UIInterfaceOrientationLandscapeRight";
				INFOPLIST_KEY_UISupportedInterfaceOrientations_iPhone = "UIInterfaceOrientationPortrait UIInterfaceOrientationLandscapeLeft UIInterfaceOrientationLandscapeRight";
				LD_RUNPATH_SEARCH_PATHS = (
					"$(inherited)",
					"@executable_path/Frameworks",
				);
				MARKETING_VERSION = 1.0;
				PRODUCT_BUNDLE_IDENTIFIER = ademtarhan.DeleteUserDataFirebase;
				PRODUCT_NAME = "$(TARGET_NAME)";
				SWIFT_EMIT_LOC_STRINGS = YES;
				SWIFT_VERSION = 5.0;
				TARGETED_DEVICE_FAMILY = "1,2";
			};
			name = Release;
		};
/* End XCBuildConfiguration section */

/* Begin XCConfigurationList section */
		9A7204F3288833F600028BAE /* Build configuration list for PBXProject "DeleteUserDataFirebase" */ = {
			isa = XCConfigurationList;
			buildConfigurations = (
				9A72050A288833F800028BAE /* Debug */,
				9A72050B288833F800028BAE /* Release */,
			);
			defaultConfigurationIsVisible = 0;
			defaultConfigurationName = Release;
		};
		9A72050C288833F800028BAE /* Build configuration list for PBXNativeTarget "DeleteUserDataFirebase" */ = {
			isa = XCConfigurationList;
			buildConfigurations = (
				9A72050D288833F800028BAE /* Debug */,
				9A72050E288833F800028BAE /* Release */,
			);
			defaultConfigurationIsVisible = 0;
			defaultConfigurationName = Release;
		};
/* End XCConfigurationList section */
	};
	rootObject = 9A7204F0288833F600028BAE /* Project object */;
}
